
Microsoft Visual Studio Solution File, Format Version 12.00
# Visual Studio 2012
Project("{FAE04EC0-301F-11D3-BF4B-00C04F79EFBC}") = "CityPlace.Web", "CityPlace.Web\CityPlace.Web.csproj", "{B469A177-7B1A-4FB6-9E02-C0C0FB8819D1}"
EndProject
Project("{FAE04EC0-301F-11D3-BF4B-00C04F79EFBC}") = "CityPlace.Domain", "CityPlace.Domain\CityPlace.Domain.csproj", "{29CD5ECF-259A-4941-8F54-735D04FE1C65}"
EndProject
Project("{1B19158F-E398-40A6-8E3B-350508E125F1}") = "CityPlace.Mobile", "CityPlace.Mobile\CityPlace.Mobile.dxjsproj", "{ECD99F21-DEE2-4407-8EC9-9A844B28EE21}"
EndProject
Project("{2150E333-8FDC-42A3-9474-1A3956D46DE8}") = "CityPlace.iOS", "CityPlace.iOS", "{13073919-343E-4AF4-A85E-DD6D81D97106}"
EndProject
Global
	GlobalSection(SolutionConfigurationPlatforms) = preSolution
		Debug|Any CPU = Debug|Any CPU
		Release|Any CPU = Release|Any CPU
	EndGlobalSection
	GlobalSection(ProjectConfigurationPlatforms) = postSolution
		{B469A177-7B1A-4FB6-9E02-C0C0FB8819D1}.Debug|Any CPU.ActiveCfg = Debug|Any CPU
		{B469A177-7B1A-4FB6-9E02-C0C0FB8819D1}.Debug|Any CPU.Build.0 = Debug|Any CPU
		{B469A177-7B1A-4FB6-9E02-C0C0FB8819D1}.Release|Any CPU.ActiveCfg = Release|Any CPU
		{B469A177-7B1A-4FB6-9E02-C0C0FB8819D1}.Release|Any CPU.Build.0 = Release|Any CPU
		{29CD5ECF-259A-4941-8F54-735D04FE1C65}.Debug|Any CPU.ActiveCfg = Debug|Any CPU
		{29CD5ECF-259A-4941-8F54-735D04FE1C65}.Debug|Any CPU.Build.0 = Debug|Any CPU
		{29CD5ECF-259A-4941-8F54-735D04FE1C65}.Release|Any CPU.ActiveCfg = Release|Any CPU
		{29CD5ECF-259A-4941-8F54-735D04FE1C65}.Release|Any CPU.Build.0 = Release|Any CPU
		{ECD99F21-DEE2-4407-8EC9-9A844B28EE21}.Debug|Any CPU.ActiveCfg = Debug|Any CPU
		{ECD99F21-DEE2-4407-8EC9-9A844B28EE21}.Debug|Any CPU.Build.0 = Debug|Any CPU
		{ECD99F21-DEE2-4407-8EC9-9A844B28EE21}.Release|Any CPU.ActiveCfg = Release|Any CPU
		{ECD99F21-DEE2-4407-8EC9-9A844B28EE21}.Release|Any CPU.Build.0 = Release|Any CPU
	EndGlobalSection
	GlobalSection(SolutionProperties) = preSolution
		HideSolutionNode = FALSE
	EndGlobalSection
EndGlobal
